
Microsoft Visual Studio Solution File, Format Version 12.00
# Visual Studio Version 17
VisualStudioVersion = 17.14.36414.22 d17.14
MinimumVisualStudioVersion = 10.0.40219.1
Project("{2150E333-8FDC-42A3-9474-1A3956D46DE8}") = "task0", "task0", "{36D591C7-65C7-A0D1-1CBC-10CDE441BDC8}"
EndProject
Project("{FAE04EC0-301F-11D3-BF4B-00C04F79EFBC}") = "Tyuiu.KolosovAA.Sprint3.Task0.V24", "Tyuiu.KolosovAA.Sprint3.Task0.V24\Tyuiu.KolosovAA.Sprint3.Task0.V24.csproj", "{1A6071D6-EB62-43F7-984F-AB870F9CCA36}"
EndProject
Project("{FAE04EC0-301F-11D3-BF4B-00C04F79EFBC}") = "Tyuiu.KolosovAA.Sprint3.Task0.V24.Test", "Tyuiu.KolosovAA.Sprint3.Task0.V24.Test\Tyuiu.KolosovAA.Sprint3.Task0.V24.Test.csproj", "{E93A43E4-942D-4AAB-9D54-BBD1F6FE80BC}"
EndProject
Project("{FAE04EC0-301F-11D3-BF4B-00C04F79EFBC}") = "Tyuiu.KolosovAA.Sprint3.Task0.V24.Lib", "Tyuiu.KolosovAA.Sprint3.Task0.V24.Lib\Tyuiu.KolosovAA.Sprint3.Task0.V24.Lib.csproj", "{DE69F1DD-73C6-4332-AA0C-BA2C95D93F7F}"
EndProject
Project("{2150E333-8FDC-42A3-9474-1A3956D46DE8}") = "task1", "task1", "{B0C21E01-43C6-4A0A-96DE-4BA4EA9E1DD6}"
EndProject
Project("{FAE04EC0-301F-11D3-BF4B-00C04F79EFBC}") = "Tyuiu.KolosovAA.Sprint3.Task1.V1", "Tyuiu.KolosovAA.Sprint3.Task1.V1\Tyuiu.KolosovAA.Sprint3.Task1.V1.csproj", "{C524736A-EE27-4094-9BE2-B8DF6506DBC2}"
EndProject
Project("{FAE04EC0-301F-11D3-BF4B-00C04F79EFBC}") = "Tyuiu.KolosovAA.Sprint3.Task1.V1.Test", "Tyuiu.KolosovAA.Sprint3.Task1.V1.Test\Tyuiu.KolosovAA.Sprint3.Task1.V1.Test.csproj", "{59705538-86DC-4D2D-8DF9-DD286CD5BADB}"
EndProject
Project("{FAE04EC0-301F-11D3-BF4B-00C04F79EFBC}") = "Tyuiu.KolosovAA.Sprint3.Task1.V1.Lib", "Tyuiu.KolosovAA.Sprint3.Task1.V1.Lib\Tyuiu.KolosovAA.Sprint3.Task1.V1.Lib.csproj", "{9E308DEA-6938-4450-916B-BCDE6BB860C9}"
EndProject
Project("{2150E333-8FDC-42A3-9474-1A3956D46DE8}") = "task2", "task2", "{E2A7A1BA-D5E1-4B75-B7CF-B378D98BBA5A}"
EndProject
Project("{FAE04EC0-301F-11D3-BF4B-00C04F79EFBC}") = "Tyuiu.KolosovAA.Sprint3.Task2.V8", "Tyuiu.KolosovAA.Sprint3.Task2.V8\Tyuiu.KolosovAA.Sprint3.Task2.V8.csproj", "{5168564B-3835-44D6-AF70-9F034F8E2EAC}"
EndProject
Project("{FAE04EC0-301F-11D3-BF4B-00C04F79EFBC}") = "Tyuiu.KolosovAA.Sprint3.Task2.V8.Test", "Tyuiu.KolosovAA.Sprint3.Task2.V8.Test\Tyuiu.KolosovAA.Sprint3.Task2.V8.Test.csproj", "{5670EB93-2950-42D7-AE4F-30708E3CC90F}"
EndProject
Project("{FAE04EC0-301F-11D3-BF4B-00C04F79EFBC}") = "Tyuiu.KolosovAA.Sprint3.Task2.V8.Lib", "Tyuiu.KolosovAA.Sprint3.Task2.V8.Lib\Tyuiu.KolosovAA.Sprint3.Task2.V8.Lib.csproj", "{9517458B-9A65-40E9-B4A8-1F2ADDAF4E85}"
EndProject
Project("{2150E333-8FDC-42A3-9474-1A3956D46DE8}") = "task3", "task3", "{32C4356F-266A-4AEB-B618-26983CE27BED}"
EndProject
Project("{FAE04EC0-301F-11D3-BF4B-00C04F79EFBC}") = "Tyuiu.KolosovAA.Sprint3.Task3.V18", "Tyuiu.KolosovAA.Sprint3.Task3.V18\Tyuiu.KolosovAA.Sprint3.Task3.V18.csproj", "{632FC33E-3C2B-41A2-A4F4-41D32CEBEEE6}"
EndProject
Project("{FAE04EC0-301F-11D3-BF4B-00C04F79EFBC}") = "Tyuiu.KolosovAA.Sprint3.Task3.V18.Lib", "Tyuiu.KolosovAA.Sprint3.Task3.V18.Lib\Tyuiu.KolosovAA.Sprint3.Task3.V18.Lib.csproj", "{2EB4A4B8-38B7-4C3B-AA0C-6C5268DA4809}"
EndProject
Project("{FAE04EC0-301F-11D3-BF4B-00C04F79EFBC}") = "Tyuiu.KolosovAA.Sprint3.Task3.V18.Test", "Tyuiu.KolosovAA.Sprint3.Task3.V18.Test\Tyuiu.KolosovAA.Sprint3.Task3.V18.Test.csproj", "{1512356A-E9F5-44AD-9B5D-A8D724D48B86}"
EndProject
Project("{2150E333-8FDC-42A3-9474-1A3956D46DE8}") = "task4", "task4", "{AC28A636-C21D-42D2-8288-6BA454A805C4}"
EndProject
Project("{FAE04EC0-301F-11D3-BF4B-00C04F79EFBC}") = "Tyuiu.KolosovAA.Sprint3.Task4.V13", "Tyuiu.KolosovAA.Sprint3.Task4.V13\Tyuiu.KolosovAA.Sprint3.Task4.V13.csproj", "{03ABCFE2-C819-464A-99B0-B03D166D21A4}"
EndProject
Project("{FAE04EC0-301F-11D3-BF4B-00C04F79EFBC}") = "Tyuiu.KolosovAA.Sprint3.Task4.V13.Test", "Tyuiu.KolosovAA.Sprint3.Task4.V13.Test\Tyuiu.KolosovAA.Sprint3.Task4.V13.Test.csproj", "{27747CE1-B758-4AFD-AE99-4A79AFE2CF54}"
EndProject
Project("{FAE04EC0-301F-11D3-BF4B-00C04F79EFBC}") = "Tyuiu.KolosovAA.Sprint3.Task4.V13.Lib", "Tyuiu.KolosovAA.Sprint3.Task4.V13.Lib\Tyuiu.KolosovAA.Sprint3.Task4.V13.Lib.csproj", "{505F1EEB-4785-4B57-A0A0-466FB7877FB1}"
EndProject
Project("{2150E333-8FDC-42A3-9474-1A3956D46DE8}") = "task5", "task5", "{EF025B31-BFEC-4826-86B0-19E886310160}"
EndProject
Project("{FAE04EC0-301F-11D3-BF4B-00C04F79EFBC}") = "Tyuiu.KolosovAA.Sprint3.Task5.V4", "Tyuiu.KolosovAA.Sprint3.Task5.V4\Tyuiu.KolosovAA.Sprint3.Task5.V4.csproj", "{B2567A06-8F9E-4AF1-B894-6028BEA3E7F3}"
EndProject
Project("{FAE04EC0-301F-11D3-BF4B-00C04F79EFBC}") = "Tyuiu.KolosovAA.Sprint3.Task5.V4.Test", "Tyuiu.KolosovAA.Sprint3.Task5.V4.Test\Tyuiu.KolosovAA.Sprint3.Task5.V4.Test.csproj", "{5477AF79-0432-4563-AD9F-989BC097655E}"
EndProject
Project("{FAE04EC0-301F-11D3-BF4B-00C04F79EFBC}") = "Tyuiu.KolosovAA.Sprint3.Task5.V4.Lib", "Tyuiu.KolosovAA.Sprint3.Task5.V4.Lib\Tyuiu.KolosovAA.Sprint3.Task5.V4.Lib.csproj", "{382E1970-98C1-4A03-BA33-D9CD052E5C22}"
EndProject
Global
	GlobalSection(SolutionConfigurationPlatforms) = preSolution
		Debug|Any CPU = Debug|Any CPU
		Release|Any CPU = Release|Any CPU
	EndGlobalSection
	GlobalSection(ProjectConfigurationPlatforms) = postSolution
		{1A6071D6-EB62-43F7-984F-AB870F9CCA36}.Debug|Any CPU.ActiveCfg = Debug|Any CPU
		{1A6071D6-EB62-43F7-984F-AB870F9CCA36}.Debug|Any CPU.Build.0 = Debug|Any CPU
		{1A6071D6-EB62-43F7-984F-AB870F9CCA36}.Release|Any CPU.ActiveCfg = Release|Any CPU
		{1A6071D6-EB62-43F7-984F-AB870F9CCA36}.Release|Any CPU.Build.0 = Release|Any CPU
		{E93A43E4-942D-4AAB-9D54-BBD1F6FE80BC}.Debug|Any CPU.ActiveCfg = Debug|Any CPU
		{E93A43E4-942D-4AAB-9D54-BBD1F6FE80BC}.Debug|Any CPU.Build.0 = Debug|Any CPU
		{E93A43E4-942D-4AAB-9D54-BBD1F6FE80BC}.Release|Any CPU.ActiveCfg = Release|Any CPU
		{E93A43E4-942D-4AAB-9D54-BBD1F6FE80BC}.Release|Any CPU.Build.0 = Release|Any CPU
		{DE69F1DD-73C6-4332-AA0C-BA2C95D93F7F}.Debug|Any CPU.ActiveCfg = Debug|Any CPU
		{DE69F1DD-73C6-4332-AA0C-BA2C95D93F7F}.Debug|Any CPU.Build.0 = Debug|Any CPU
		{DE69F1DD-73C6-4332-AA0C-BA2C95D93F7F}.Release|Any CPU.ActiveCfg = Release|Any CPU
		{DE69F1DD-73C6-4332-AA0C-BA2C95D93F7F}.Release|Any CPU.Build.0 = Release|Any CPU
		{C524736A-EE27-4094-9BE2-B8DF6506DBC2}.Debug|Any CPU.ActiveCfg = Debug|Any CPU
		{C524736A-EE27-4094-9BE2-B8DF6506DBC2}.Debug|Any CPU.Build.0 = Debug|Any CPU
		{C524736A-EE27-4094-9BE2-B8DF6506DBC2}.Release|Any CPU.ActiveCfg = Release|Any CPU
		{C524736A-EE27-4094-9BE2-B8DF6506DBC2}.Release|Any CPU.Build.0 = Release|Any CPU
		{59705538-86DC-4D2D-8DF9-DD286CD5BADB}.Debug|Any CPU.ActiveCfg = Debug|Any CPU
		{59705538-86DC-4D2D-8DF9-DD286CD5BADB}.Debug|Any CPU.Build.0 = Debug|Any CPU
		{59705538-86DC-4D2D-8DF9-DD286CD5BADB}.Release|Any CPU.ActiveCfg = Release|Any CPU
		{59705538-86DC-4D2D-8DF9-DD286CD5BADB}.Release|Any CPU.Build.0 = Release|Any CPU
		{9E308DEA-6938-4450-916B-BCDE6BB860C9}.Debug|Any CPU.ActiveCfg = Debug|Any CPU
		{9E308DEA-6938-4450-916B-BCDE6BB860C9}.Debug|Any CPU.Build.0 = Debug|Any CPU
		{9E308DEA-6938-4450-916B-BCDE6BB860C9}.Release|Any CPU.ActiveCfg = Release|Any CPU
		{9E308DEA-6938-4450-916B-BCDE6BB860C9}.Release|Any CPU.Build.0 = Release|Any CPU
		{5168564B-3835-44D6-AF70-9F034F8E2EAC}.Debug|Any CPU.ActiveCfg = Debug|Any CPU
		{5168564B-3835-44D6-AF70-9F034F8E2EAC}.Debug|Any CPU.Build.0 = Debug|Any CPU
		{5168564B-3835-44D6-AF70-9F034F8E2EAC}.Release|Any CPU.ActiveCfg = Release|Any CPU
		{5168564B-3835-44D6-AF70-9F034F8E2EAC}.Release|Any CPU.Build.0 = Release|Any CPU
		{5670EB93-2950-42D7-AE4F-30708E3CC90F}.Debug|Any CPU.ActiveCfg = Debug|Any CPU
		{5670EB93-2950-42D7-AE4F-30708E3CC90F}.Debug|Any CPU.Build.0 = Debug|Any CPU
		{5670EB93-2950-42D7-AE4F-30708E3CC90F}.Release|Any CPU.ActiveCfg = Release|Any CPU
		{5670EB93-2950-42D7-AE4F-30708E3CC90F}.Release|Any CPU.Build.0 = Release|Any CPU
		{9517458B-9A65-40E9-B4A8-1F2ADDAF4E85}.Debug|Any CPU.ActiveCfg = Debug|Any CPU
		{9517458B-9A65-40E9-B4A8-1F2ADDAF4E85}.Debug|Any CPU.Build.0 = Debug|Any CPU
		{9517458B-9A65-40E9-B4A8-1F2ADDAF4E85}.Release|Any CPU.ActiveCfg = Release|Any CPU
		{9517458B-9A65-40E9-B4A8-1F2ADDAF4E85}.Release|Any CPU.Build.0 = Release|Any CPU
		{632FC33E-3C2B-41A2-A4F4-41D32CEBEEE6}.Debug|Any CPU.ActiveCfg = Debug|Any CPU
		{632FC33E-3C2B-41A2-A4F4-41D32CEBEEE6}.Debug|Any CPU.Build.0 = Debug|Any CPU
		{632FC33E-3C2B-41A2-A4F4-41D32CEBEEE6}.Release|Any CPU.ActiveCfg = Release|Any CPU
		{632FC33E-3C2B-41A2-A4F4-41D32CEBEEE6}.Release|Any CPU.Build.0 = Release|Any CPU
		{2EB4A4B8-38B7-4C3B-AA0C-6C5268DA4809}.Debug|Any CPU.ActiveCfg = Debug|Any CPU
		{2EB4A4B8-38B7-4C3B-AA0C-6C5268DA4809}.Debug|Any CPU.Build.0 = Debug|Any CPU
		{2EB4A4B8-38B7-4C3B-AA0C-6C5268DA4809}.Release|Any CPU.ActiveCfg = Release|Any CPU
		{2EB4A4B8-38B7-4C3B-AA0C-6C5268DA4809}.Release|Any CPU.Build.0 = Release|Any CPU
		{1512356A-E9F5-44AD-9B5D-A8D724D48B86}.Debug|Any CPU.ActiveCfg = Debug|Any CPU
		{1512356A-E9F5-44AD-9B5D-A8D724D48B86}.Debug|Any CPU.Build.0 = Debug|Any CPU
		{1512356A-E9F5-44AD-9B5D-A8D724D48B86}.Release|Any CPU.ActiveCfg = Release|Any CPU
		{1512356A-E9F5-44AD-9B5D-A8D724D48B86}.Release|Any CPU.Build.0 = Release|Any CPU
		{03ABCFE2-C819-464A-99B0-B03D166D21A4}.Debug|Any CPU.ActiveCfg = Debug|Any CPU
		{03ABCFE2-C819-464A-99B0-B03D166D21A4}.Debug|Any CPU.Build.0 = Debug|Any CPU
		{03ABCFE2-C819-464A-99B0-B03D166D21A4}.Release|Any CPU.ActiveCfg = Release|Any CPU
		{03ABCFE2-C819-464A-99B0-B03D166D21A4}.Release|Any CPU.Build.0 = Release|Any CPU
		{27747CE1-B758-4AFD-AE99-4A79AFE2CF54}.Debug|Any CPU.ActiveCfg = Debug|Any CPU
		{27747CE1-B758-4AFD-AE99-4A79AFE2CF54}.Debug|Any CPU.Build.0 = Debug|Any CPU
		{27747CE1-B758-4AFD-AE99-4A79AFE2CF54}.Release|Any CPU.ActiveCfg = Release|Any CPU
		{27747CE1-B758-4AFD-AE99-4A79AFE2CF54}.Release|Any CPU.Build.0 = Release|Any CPU
		{505F1EEB-4785-4B57-A0A0-466FB7877FB1}.Debug|Any CPU.ActiveCfg = Debug|Any CPU
		{505F1EEB-4785-4B57-A0A0-466FB7877FB1}.Debug|Any CPU.Build.0 = Debug|Any CPU
		{505F1EEB-4785-4B57-A0A0-466FB7877FB1}.Release|Any CPU.ActiveCfg = Release|Any CPU
		{505F1EEB-4785-4B57-A0A0-466FB7877FB1}.Release|Any CPU.Build.0 = Release|Any CPU
		{B2567A06-8F9E-4AF1-B894-6028BEA3E7F3}.Debug|Any CPU.ActiveCfg = Debug|Any CPU
		{B2567A06-8F9E-4AF1-B894-6028BEA3E7F3}.Debug|Any CPU.Build.0 = Debug|Any CPU
		{B2567A06-8F9E-4AF1-B894-6028BEA3E7F3}.Release|Any CPU.ActiveCfg = Release|Any CPU
		{B2567A06-8F9E-4AF1-B894-6028BEA3E7F3}.Release|Any CPU.Build.0 = Release|Any CPU
		{5477AF79-0432-4563-AD9F-989BC097655E}.Debug|Any CPU.ActiveCfg = Debug|Any CPU
		{5477AF79-0432-4563-AD9F-989BC097655E}.Debug|Any CPU.Build.0 = Debug|Any CPU
		{5477AF79-0432-4563-AD9F-989BC097655E}.Release|Any CPU.ActiveCfg = Release|Any CPU
		{5477AF79-0432-4563-AD9F-989BC097655E}.Release|Any CPU.Build.0 = Release|Any CPU
		{382E1970-98C1-4A03-BA33-D9CD052E5C22}.Debug|Any CPU.ActiveCfg = Debug|Any CPU
		{382E1970-98C1-4A03-BA33-D9CD052E5C22}.Debug|Any CPU.Build.0 = Debug|Any CPU
		{382E1970-98C1-4A03-BA33-D9CD052E5C22}.Release|Any CPU.ActiveCfg = Release|Any CPU
		{382E1970-98C1-4A03-BA33-D9CD052E5C22}.Release|Any CPU.Build.0 = Release|Any CPU
	EndGlobalSection
	GlobalSection(SolutionProperties) = preSolution
		HideSolutionNode = FALSE
	EndGlobalSection
	GlobalSection(NestedProjects) = preSolution
		{1A6071D6-EB62-43F7-984F-AB870F9CCA36} = {36D591C7-65C7-A0D1-1CBC-10CDE441BDC8}
		{E93A43E4-942D-4AAB-9D54-BBD1F6FE80BC} = {36D591C7-65C7-A0D1-1CBC-10CDE441BDC8}
		{DE69F1DD-73C6-4332-AA0C-BA2C95D93F7F} = {36D591C7-65C7-A0D1-1CBC-10CDE441BDC8}
		{C524736A-EE27-4094-9BE2-B8DF6506DBC2} = {B0C21E01-43C6-4A0A-96DE-4BA4EA9E1DD6}
		{59705538-86DC-4D2D-8DF9-DD286CD5BADB} = {B0C21E01-43C6-4A0A-96DE-4BA4EA9E1DD6}
		{9E308DEA-6938-4450-916B-BCDE6BB860C9} = {B0C21E01-43C6-4A0A-96DE-4BA4EA9E1DD6}
		{5168564B-3835-44D6-AF70-9F034F8E2EAC} = {E2A7A1BA-D5E1-4B75-B7CF-B378D98BBA5A}
		{5670EB93-2950-42D7-AE4F-30708E3CC90F} = {E2A7A1BA-D5E1-4B75-B7CF-B378D98BBA5A}
		{9517458B-9A65-40E9-B4A8-1F2ADDAF4E85} = {E2A7A1BA-D5E1-4B75-B7CF-B378D98BBA5A}
		{632FC33E-3C2B-41A2-A4F4-41D32CEBEEE6} = {32C4356F-266A-4AEB-B618-26983CE27BED}
		{2EB4A4B8-38B7-4C3B-AA0C-6C5268DA4809} = {32C4356F-266A-4AEB-B618-26983CE27BED}
		{1512356A-E9F5-44AD-9B5D-A8D724D48B86} = {32C4356F-266A-4AEB-B618-26983CE27BED}
		{03ABCFE2-C819-464A-99B0-B03D166D21A4} = {AC28A636-C21D-42D2-8288-6BA454A805C4}
		{27747CE1-B758-4AFD-AE99-4A79AFE2CF54} = {AC28A636-C21D-42D2-8288-6BA454A805C4}
		{505F1EEB-4785-4B57-A0A0-466FB7877FB1} = {AC28A636-C21D-42D2-8288-6BA454A805C4}
		{B2567A06-8F9E-4AF1-B894-6028BEA3E7F3} = {EF025B31-BFEC-4826-86B0-19E886310160}
		{5477AF79-0432-4563-AD9F-989BC097655E} = {EF025B31-BFEC-4826-86B0-19E886310160}
		{382E1970-98C1-4A03-BA33-D9CD052E5C22} = {EF025B31-BFEC-4826-86B0-19E886310160}
	EndGlobalSection
	GlobalSection(ExtensibilityGlobals) = postSolution
		SolutionGuid = {1A655A77-6128-475D-A356-D3F76B1CDFAA}
	EndGlobalSection
EndGlobal
